
Microsoft Visual Studio Solution File, Format Version 12.00
# Visual Studio Version 16
VisualStudioVersion = 16.0.31112.23
MinimumVisualStudioVersion = 10.0.40219.1
Project("{FAE04EC0-301F-11D3-BF4B-00C04F79EFBC}") = "Laboratorio4_WinFon_Garces_Guevara", "Laboratorio4_WinFon_Garces_Guevara.csproj", "{22E64C6E-EC5C-457D-BD6E-AAF1ACF33950}"
EndProject
Global
	GlobalSection(SolutionConfigurationPlatforms) = preSolution
		Debug|Any CPU = Debug|Any CPU
		Release|Any CPU = Release|Any CPU
	EndGlobalSection
	GlobalSection(ProjectConfigurationPlatforms) = postSolution
		{22E64C6E-EC5C-457D-BD6E-AAF1ACF33950}.Debug|Any CPU.ActiveCfg = Debug|Any CPU
		{22E64C6E-EC5C-457D-BD6E-AAF1ACF33950}.Debug|Any CPU.Build.0 = Debug|Any CPU
		{22E64C6E-EC5C-457D-BD6E-AAF1ACF33950}.Release|Any CPU.ActiveCfg = Release|Any CPU
		{22E64C6E-EC5C-457D-BD6E-AAF1ACF33950}.Release|Any CPU.Build.0 = Release|Any CPU
	EndGlobalSection
	GlobalSection(SolutionProperties) = preSolution
		HideSolutionNode = FALSE
	EndGlobalSection
	GlobalSection(ExtensibilityGlobals) = postSolution
		SolutionGuid = {4F0BB380-2291-4ADF-948F-8B30D3A97601}
	EndGlobalSection
EndGlobal
